
Microsoft Visual Studio Solution File, Format Version 12.00
# Visual Studio 14
VisualStudioVersion = 14.0.23107.0
MinimumVisualStudioVersion = 10.0.40219.1
Project("{FAE04EC0-301F-11D3-BF4B-00C04F79EFBC}") = "TestLicensingApp", "TestLicensingApp\TestLicensingApp.csproj", "{450CAB1F-4FEC-40F9-92B2-B363A8DBD095}"
EndProject
Global
	GlobalSection(SolutionConfigurationPlatforms) = preSolution
		Debug|Any CPU = Debug|Any CPU
		Release|Any CPU = Release|Any CPU
	EndGlobalSection
	GlobalSection(ProjectConfigurationPlatforms) = postSolution
		{450CAB1F-4FEC-40F9-92B2-B363A8DBD095}.Debug|Any CPU.ActiveCfg = Debug|Any CPU
		{450CAB1F-4FEC-40F9-92B2-B363A8DBD095}.Debug|Any CPU.Build.0 = Debug|Any CPU
		{450CAB1F-4FEC-40F9-92B2-B363A8DBD095}.Release|Any CPU.ActiveCfg = Release|Any CPU
		{450CAB1F-4FEC-40F9-92B2-B363A8DBD095}.Release|Any CPU.Build.0 = Release|Any CPU
	EndGlobalSection
	GlobalSection(SolutionProperties) = preSolution
		HideSolutionNode = FALSE
	EndGlobalSection
EndGlobal
